
Microsoft Visual Studio Solution File, Format Version 12.00
# Visual Studio Version 17
VisualStudioVersion = 17.5.33530.505
MinimumVisualStudioVersion = 10.0.40219.1
Project("{9A19103F-16F7-4668-BE54-9A1E7A4F7556}") = "api_viddils2", "api_viddils2\api_viddils2.csproj", "{7924DE9E-DD45-4A72-B1C5-F6073E5E82F3}"
EndProject
Project("{FAE04EC0-301F-11D3-BF4B-00C04F79EFBC}") = "Viddil_test", "Viddil_test\Viddil_test.csproj", "{1A93DD0C-C437-4D20-A303-F842CDE5FD99}"
EndProject
Global
	GlobalSection(SolutionConfigurationPlatforms) = preSolution
		Debug|Any CPU = Debug|Any CPU
		Release|Any CPU = Release|Any CPU
	EndGlobalSection
	GlobalSection(ProjectConfigurationPlatforms) = postSolution
		{7924DE9E-DD45-4A72-B1C5-F6073E5E82F3}.Debug|Any CPU.ActiveCfg = Debug|Any CPU
		{7924DE9E-DD45-4A72-B1C5-F6073E5E82F3}.Debug|Any CPU.Build.0 = Debug|Any CPU
		{7924DE9E-DD45-4A72-B1C5-F6073E5E82F3}.Release|Any CPU.ActiveCfg = Release|Any CPU
		{7924DE9E-DD45-4A72-B1C5-F6073E5E82F3}.Release|Any CPU.Build.0 = Release|Any CPU
		{1A93DD0C-C437-4D20-A303-F842CDE5FD99}.Debug|Any CPU.ActiveCfg = Debug|Any CPU
		{1A93DD0C-C437-4D20-A303-F842CDE5FD99}.Debug|Any CPU.Build.0 = Debug|Any CPU
		{1A93DD0C-C437-4D20-A303-F842CDE5FD99}.Release|Any CPU.ActiveCfg = Release|Any CPU
		{1A93DD0C-C437-4D20-A303-F842CDE5FD99}.Release|Any CPU.Build.0 = Release|Any CPU
	EndGlobalSection
	GlobalSection(SolutionProperties) = preSolution
		HideSolutionNode = FALSE
	EndGlobalSection
	GlobalSection(ExtensibilityGlobals) = postSolution
		SolutionGuid = {B5B2F0CE-3C8F-4B83-BD28-78B7470BEDE7}
	EndGlobalSection
EndGlobal
